Microsoft Visual Studio Solution File, Format Version 12.00
# Visual Studio Version 17
VisualStudioVersion = 17.5.2.0
MinimumVisualStudioVersion = 10.0.40219.1
Project("{FAE04EC0-301F-11D3-BF4B-00C04F79EFBC}") = "Haze.McpServer.Echo", "Haze.McpServer.Echo.csproj", "{FA2923F9-8010-E343-B774-EC5D15781594}"
EndProject
Global
	GlobalSection(SolutionConfigurationPlatforms) = preSolution
		Debug|Any CPU = Debug|Any CPU
		Release|Any CPU = Release|Any CPU
	EndGlobalSection
	GlobalSection(ProjectConfigurationPlatforms) = postSolution
		{FA2923F9-8010-E343-B774-EC5D15781594}.Debug|Any CPU.ActiveCfg = Debug|Any CPU
		{FA2923F9-8010-E343-B774-EC5D15781594}.Debug|Any CPU.Build.0 = Debug|Any CPU
		{FA2923F9-8010-E343-B774-EC5D15781594}.Release|Any CPU.ActiveCfg = Release|Any CPU
		{FA2923F9-8010-E343-B774-EC5D15781594}.Release|Any CPU.Build.0 = Release|Any CPU
	EndGlobalSection
	GlobalSection(SolutionProperties) = preSolution
		HideSolutionNode = FALSE
	EndGlobalSection
	GlobalSection(ExtensibilityGlobals) = postSolution
		SolutionGuid = {1C1BD804-7ED4-482F-8972-11D03515F29F}
	EndGlobalSection
EndGlobal
